
Microsoft Visual Studio Solution File, Format Version 12.00
# Visual Studio Version 17
VisualStudioVersion = 17.2.32616.157
MinimumVisualStudioVersion = 10.0.40219.1
Project("{8BC9CEB8-8B4A-11D0-8D11-00A0C91BC942}") = "Bypass-Sandbox-Evasion", "Bypass-Sandbox-Evasion\Bypass-Sandbox-Evasion.vcxproj", "{EAF9A6AD-82A2-4B96-9CC0-AEF5FD68694F}"
EndProject
Global
	GlobalSection(SolutionConfigurationPlatforms) = preSolution
		Debug|x64 = Debug|x64
		Debug|x86 = Debug|x86
		Release|x64 = Release|x64
		Release|x86 = Release|x86
	EndGlobalSection
	GlobalSection(ProjectConfigurationPlatforms) = postSolution
		{EAF9A6AD-82A2-4B96-9CC0-AEF5FD68694F}.Debug|x64.ActiveCfg = Debug|x64
		{EAF9A6AD-82A2-4B96-9CC0-AEF5FD68694F}.Debug|x64.Build.0 = Debug|x64
		{EAF9A6AD-82A2-4B96-9CC0-AEF5FD68694F}.Debug|x86.ActiveCfg = Debug|Win32
		{EAF9A6AD-82A2-4B96-9CC0-AEF5FD68694F}.Debug|x86.Build.0 = Debug|Win32
		{EAF9A6AD-82A2-4B96-9CC0-AEF5FD68694F}.Release|x64.ActiveCfg = Release|x64
		{EAF9A6AD-82A2-4B96-9CC0-AEF5FD68694F}.Release|x64.Build.0 = Release|x64
		{EAF9A6AD-82A2-4B96-9CC0-AEF5FD68694F}.Release|x86.ActiveCfg = Release|Win32
		{EAF9A6AD-82A2-4B96-9CC0-AEF5FD68694F}.Release|x86.Build.0 = Release|Win32
	EndGlobalSection
	GlobalSection(SolutionProperties) = preSolution
		HideSolutionNode = FALSE
	EndGlobalSection
	GlobalSection(ExtensibilityGlobals) = postSolution
		SolutionGuid = {C15C55D2-496C-4FC5-860F-46D3FCF15EA5}
	EndGlobalSection
EndGlobal
